// !$*UTF8*$!
{
	archiveVersion = 1;
	classes = {
	};
	objectVersion = 50;
	objects = {

/* Begin PBXBuildFile section */
		0D3372F821A0AC3500721A2B /* continueToShop-icon-40.png in Resources */ = {isa = PBXBuildFile; fileRef = 0D3372F721A0AC3500721A2B /* continueToShop-icon-40.png */; };
		0D3372FA21A0B26C00721A2B /* ECommerce-logo-250.png in Resources */ = {isa = PBXBuildFile; fileRef = 0D3372F921A0B26C00721A2B /* ECommerce-logo-250.png */; };
		0D49CDCB219DDC4E00890606 /* userLogOut-icon-40.png in Resources */ = {isa = PBXBuildFile; fileRef = 0D49CDCA219DDC4E00890606 /* userLogOut-icon-40.png */; };
		0D49CDD0219E1CFD00890606 /* checkboxUnchecked-icon-40.png in Resources */ = {isa = PBXBuildFile; fileRef = 0D49CDCF219E1CFD00890606 /* checkboxUnchecked-icon-40.png */; };
		0D49CDD2219E1D3F00890606 /* checkboxChecked-icon-40.png in Resources */ = {isa = PBXBuildFile; fileRef = 0D49CDD1219E1D3F00890606 /* checkboxChecked-icon-40.png */; };
		0D4E69E721995D5A00318350 /* userHistory-icon-40.png in Resources */ = {isa = PBXBuildFile; fileRef = 0D4E69E621995D5A00318350 /* userHistory-icon-40.png */; };
		0D4E69E921995EBB00318350 /* userEditAccounr-icon-40.png in Resources */ = {isa = PBXBuildFile; fileRef = 0D4E69E821995EBB00318350 /* userEditAccounr-icon-40.png */; };
		0D66BD4E21A2F298006D2488 /* dotInactive@2x.png in Resources */ = {isa = PBXBuildFile; fileRef = 0D66BD4221A2F296006D2488 /* dotInactive@2x.png */; };
		0D66BD4F21A2F298006D2488 /* dotInactive.png in Resources */ = {isa = PBXBuildFile; fileRef = 0D66BD4321A2F296006D2488 /* dotInactive.png */; };
		0D66BD5021A2F298006D2488 /* dotInactive@3x.png in Resources */ = {isa = PBXBuildFile; fileRef = 0D66BD4421A2F296006D2488 /* dotInactive@3x.png */; };
		0D66BD5121A2F298006D2488 /* image4.jpg in Resources */ = {isa = PBXBuildFile; fileRef = 0D66BD4521A2F296006D2488 /* image4.jpg */; };
		0D66BD5221A2F298006D2488 /* image5.jpg in Resources */ = {isa = PBXBuildFile; fileRef = 0D66BD4621A2F296006D2488 /* image5.jpg */; };
		0D66BD5721A2F298006D2488 /* dotActive@3x.png in Resources */ = {isa = PBXBuildFile; fileRef = 0D66BD4B21A2F297006D2488 /* dotActive@3x.png */; };
		0D66BD5821A2F298006D2488 /* dotActive.png in Resources */ = {isa = PBXBuildFile; fileRef = 0D66BD4C21A2F297006D2488 /* dotActive.png */; };
		0D66BD5921A2F298006D2488 /* dotActive@2x.png in Resources */ = {isa = PBXBuildFile; fileRef = 0D66BD4D21A2F298006D2488 /* dotActive@2x.png */; };
		0D66BD5D21A2F88D006D2488 /* image1.jpg in Resources */ = {isa = PBXBuildFile; fileRef = 0D66BD5A21A2F88D006D2488 /* image1.jpg */; };
		0D66BD5E21A2F88D006D2488 /* image2.png in Resources */ = {isa = PBXBuildFile; fileRef = 0D66BD5B21A2F88D006D2488 /* image2.png */; };
		0D7F8344219224360026FDEE /* data.json in Resources */ = {isa = PBXBuildFile; fileRef = 0D7F8343219224360026FDEE /* data.json */; };
		0D81179E2190BA89009C7DD1 /* Main.storyboard in Resources */ = {isa = PBXBuildFile; fileRef = 0D81179C2190BA89009C7DD1 /* Main.storyboard */; };
		0D8117A02190BA8B009C7DD1 /* Assets.xcassets in Resources */ = {isa = PBXBuildFile; fileRef = 0D81179F2190BA8B009C7DD1 /* Assets.xcassets */; };
		0D8117A32190BA8B009C7DD1 /* LaunchScreen.storyboard in Resources */ = {isa = PBXBuildFile; fileRef = 0D8117A12190BA8B009C7DD1 /* LaunchScreen.storyboard */; };
		0D8117CE21918D48009C7DD1 /* home-icon-40.png in Resources */ = {isa = PBXBuildFile; fileRef = 0D8117CD21918D47009C7DD1 /* home-icon-40.png */; };
		0D8117D021918EC2009C7DD1 /* sale-icon-40.png in Resources */ = {isa = PBXBuildFile; fileRef = 0D8117CF21918EC2009C7DD1 /* sale-icon-40.png */; };
		0D8117D22191910C009C7DD1 /* cart-icon-40.png in Resources */ = {isa = PBXBuildFile; fileRef = 0D8117D12191910C009C7DD1 /* cart-icon-40.png */; };
		0D8117D421919252009C7DD1 /* account-icon-40.png in Resources */ = {isa = PBXBuildFile; fileRef = 0D8117D321919252009C7DD1 /* account-icon-40.png */; };
		0D900B75219731E60012AAB1 /* addToCart-icon-40.png in Resources */ = {isa = PBXBuildFile; fileRef = 0D900B74219731E60012AAB1 /* addToCart-icon-40.png */; };
		0D900B77219733880012AAB1 /* cartAdded-icon-40.png in Resources */ = {isa = PBXBuildFile; fileRef = 0D900B76219733880012AAB1 /* cartAdded-icon-40.png */; };
		0D900B79219736A90012AAB1 /* removeFromCart-icon-40.png in Resources */ = {isa = PBXBuildFile; fileRef = 0D900B78219736A90012AAB1 /* removeFromCart-icon-40.png */; };
		0DA576E121A016820080C79A /* invoice.html in Resources */ = {isa = PBXBuildFile; fileRef = 0DA576E021A016820080C79A /* invoice.html */; };
		0DA576E321A0177D0080C79A /* single_item.html in Resources */ = {isa = PBXBuildFile; fileRef = 0DA576E221A0177D0080C79A /* single_item.html */; };
		0DA576E521A0855B0080C79A /* MessageUI.framework in Frameworks */ = {isa = PBXBuildFile; fileRef = 0DA576E421A0855A0080C79A /* MessageUI.framework */; };
		0DA576E721A086710080C79A /* WebKit.framework in Frameworks */ = {isa = PBXBuildFile; fileRef = 0DA576E621A086710080C79A /* WebKit.framework */; };
		D20000000000000000000001 /* Item.swift in Sources */ = {isa = PBXBuildFile; fileRef = D10000000000000000000001 /* Item.swift */; };
		D20000000000000000000002 /* Items.swift in Sources */ = {isa = PBXBuildFile; fileRef = D10000000000000000000002 /* Items.swift */; };
		D20000000000000000000003 /* CategoryItemList.swift in Sources */ = {isa = PBXBuildFile; fileRef = D10000000000000000000003 /* CategoryItemList.swift */; };
		D20000000000000000000004 /* ShoppingCart.swift in Sources */ = {isa = PBXBuildFile; fileRef = D10000000000000000000004 /* ShoppingCart.swift */; };
		D20000000000000000000005 /* AccountOperations.swift in Sources */ = {isa = PBXBuildFile; fileRef = D10000000000000000000005 /* AccountOperations.swift */; };
		D20000000000000000000006 /* Validation.swift in Sources */ = {isa = PBXBuildFile; fileRef = D10000000000000000000006 /* Validation.swift */; };
		D20000000000000000000007 /* HomeViewController.swift in Sources */ = {isa = PBXBuildFile; fileRef = D10000000000000000000007 /* HomeViewController.swift */; };
		D20000000000000000000008 /* SaleViewController.swift in Sources */ = {isa = PBXBuildFile; fileRef = D10000000000000000000008 /* SaleViewController.swift */; };
		D20000000000000000000009 /* CartViewController.swift in Sources */ = {isa = PBXBuildFile; fileRef = D10000000000000000000009 /* CartViewController.swift */; };
		D2000000000000000000000A /* AccountViewController.swift in Sources */ = {isa = PBXBuildFile; fileRef = D1000000000000000000000A /* AccountViewController.swift */; };
		D2000000000000000000000B /* AccountCRUDViewController.swift in Sources */ = {isa = PBXBuildFile; fileRef = D1000000000000000000000B /* AccountCRUDViewController.swift */; };
		D2000000000000000000000C /* AccountLoginViewController.swift in Sources */ = {isa = PBXBuildFile; fileRef = D1000000000000000000000C /* AccountLoginViewController.swift */; };
		D2000000000000000000000D /* CheckOutViewController.swift in Sources */ = {isa = PBXBuildFile; fileRef = D1000000000000000000000D /* CheckOutViewController.swift */; };
		D2000000000000000000000E /* SingleItemViewController.swift in Sources */ = {isa = PBXBuildFile; fileRef = D1000000000000000000000E /* SingleItemViewController.swift */; };
		D2000000000000000000000F /* CategoryItemsViewController.swift in Sources */ = {isa = PBXBuildFile; fileRef = D1000000000000000000000F /* CategoryItemsViewController.swift */; };
		D20000000000000000000010 /* ThankYouViewController.swift in Sources */ = {isa = PBXBuildFile; fileRef = D10000000000000000000010 /* ThankYouViewController.swift */; };
		D20000000000000000000011 /* AJWValidator.swift in Sources */ = {isa = PBXBuildFile; fileRef = D10000000000000000000011 /* AJWValidator.swift */; };
		D20000000000000000000012 /* AJWStringValidator.swift in Sources */ = {isa = PBXBuildFile; fileRef = D10000000000000000000012 /* AJWStringValidator.swift */; };
		D20000000000000000000013 /* AJWNumericValidator.swift in Sources */ = {isa = PBXBuildFile; fileRef = D10000000000000000000013 /* AJWNumericValidator.swift */; };
		D20000000000000000000014 /* AJWValidatorRule.swift in Sources */ = {isa = PBXBuildFile; fileRef = D10000000000000000000014 /* AJWValidatorRule.swift */; };
		D20000000000000000000015 /* AJWValidatorRequiredRule.swift in Sources */ = {isa = PBXBuildFile; fileRef = D10000000000000000000015 /* AJWValidatorRequiredRule.swift */; };
		D20000000000000000000016 /* AJWValidatorRangeRule.swift in Sources */ = {isa = PBXBuildFile; fileRef = D10000000000000000000016 /* AJWValidatorRangeRule.swift */; };
		D20000000000000000000017 /* AJWValidatorRegularExpressionRule.swift in Sources */ = {isa = PBXBuildFile; fileRef = D10000000000000000000017 /* AJWValidatorRegularExpressionRule.swift */; };
		D20000000000000000000018 /* AJWValidatorEqualRule.swift in Sources */ = {isa = PBXBuildFile; fileRef = D10000000000000000000018 /* AJWValidatorEqualRule.swift */; };
		D20000000000000000000019 /* AJWValidatorCustomRule.swift in Sources */ = {isa = PBXBuildFile; fileRef = D10000000000000000000019 /* AJWValidatorCustomRule.swift */; };
		D2000000000000000000001A /* AJWValidatorRemoteRule.swift in Sources */ = {isa = PBXBuildFile; fileRef = D1000000000000000000001A /* AJWValidatorRemoteRule.swift */; };
		D2000000000000000000001B /* UIView+AJWValidator.swift in Sources */ = {isa = PBXBuildFile; fileRef = D1000000000000000000001B /* UIView+AJWValidator.swift */; };
		D2000000000000000000001C /* TAPageControl.swift in Sources */ = {isa = PBXBuildFile; fileRef = D1000000000000000000001C /* TAPageControl.swift */; };
		D2000000000000000000001D /* TAAbstractDotView.swift in Sources */ = {isa = PBXBuildFile; fileRef = D1000000000000000000001D /* TAAbstractDotView.swift */; };
		D2000000000000000000001E /* TAAnimatedDotView.swift in Sources */ = {isa = PBXBuildFile; fileRef = D1000000000000000000001E /* TAAnimatedDotView.swift */; };
		D2000000000000000000001F /* TADotView.swift in Sources */ = {isa = PBXBuildFile; fileRef = D1000000000000000000001F /* TADotView.swift */; };
		D20000000000000000000020 /* AppDelegate.swift in Sources */ = {isa = PBXBuildFile; fileRef = D10000000000000000000020 /* AppDelegate.swift */; };
		D20000000000000000000021 /* ViewController.swift in Sources */ = {isa = PBXBuildFile; fileRef = D10000000000000000000021 /* ViewController.swift */; };
		D20000000000000000000022 /* E_Commerce_App_Project__Tabbed_Tests.swift in Sources */ = {isa = PBXBuildFile; fileRef = D10000000000000000000022 /* E_Commerce_App_Project__Tabbed_Tests.swift */; };
		D20000000000000000000023 /* E_Commerce_App_Project__Tabbed_UITests.swift in Sources */ = {isa = PBXBuildFile; fileRef = D10000000000000000000023 /* E_Commerce_App_Project__Tabbed_UITests.swift */; };
		E20000000000000000000001 /* ItemTests.swift in Sources */ = {isa = PBXBuildFile; fileRef = E10000000000000000000001 /* ItemTests.swift */; };
		E20000000000000000000002 /* ShoppingCartTests.swift in Sources */ = {isa = PBXBuildFile; fileRef = E10000000000000000000002 /* ShoppingCartTests.swift */; };
		E20000000000000000000003 /* AccountOperationsTests.swift in Sources */ = {isa = PBXBuildFile; fileRef = E10000000000000000000003 /* AccountOperationsTests.swift */; };
		E20000000000000000000004 /* HomeViewModelTests.swift in Sources */ = {isa = PBXBuildFile; fileRef = E10000000000000000000004 /* HomeViewModelTests.swift */; };
		E20000000000000000000005 /* CartViewModelTests.swift in Sources */ = {isa = PBXBuildFile; fileRef = E10000000000000000000005 /* CartViewModelTests.swift */; };
		E20000000000000000000006 /* SaleViewModelTests.swift in Sources */ = {isa = PBXBuildFile; fileRef = E10000000000000000000006 /* SaleViewModelTests.swift */; };
		E20000000000000000000007 /* SingleItemViewModelTests.swift in Sources */ = {isa = PBXBuildFile; fileRef = E10000000000000000000007 /* SingleItemViewModelTests.swift */; };
		E20000000000000000000008 /* CheckOutViewModelTests.swift in Sources */ = {isa = PBXBuildFile; fileRef = E10000000000000000000008 /* CheckOutViewModelTests.swift */; };
		E20000000000000000000009 /* AccountLoginViewModelTests.swift in Sources */ = {isa = PBXBuildFile; fileRef = E10000000000000000000009 /* AccountLoginViewModelTests.swift */; };
		E2000000000000000000000A /* AccountCRUDViewModelTests.swift in Sources */ = {isa = PBXBuildFile; fileRef = E1000000000000000000000A /* AccountCRUDViewModelTests.swift */; };
		E2000000000000000000000B /* AccountViewModelTests.swift in Sources */ = {isa = PBXBuildFile; fileRef = E1000000000000000000000B /* AccountViewModelTests.swift */; };
		E2000000000000000000000C /* CategoryItemsViewModelTests.swift in Sources */ = {isa = PBXBuildFile; fileRef = E1000000000000000000000C /* CategoryItemsViewModelTests.swift */; };
		E2000000000000000000000D /* ThankYouViewModelTests.swift in Sources */ = {isa = PBXBuildFile; fileRef = E1000000000000000000000D /* ThankYouViewModelTests.swift */; };
		D30000000000000000000001/* HomeViewModel.swift in Sources */ = {isa = PBXBuildFile; fileRef = D40000000000000000000001 /* HomeViewModel.swift */; };
		D30000000000000000000002 /* SaleViewModel.swift in Sources */ = {isa = PBXBuildFile; fileRef = D40000000000000000000002 /* SaleViewModel.swift */; };
		D30000000000000000000003 /* CartViewModel.swift in Sources */ = {isa = PBXBuildFile; fileRef = D40000000000000000000003 /* CartViewModel.swift */; };
		D30000000000000000000004 /* CategoryItemsViewModel.swift in Sources */ = {isa = PBXBuildFile; fileRef = D40000000000000000000004 /* CategoryItemsViewModel.swift */; };
		D30000000000000000000005 /* SingleItemViewModel.swift in Sources */ = {isa = PBXBuildFile; fileRef = D40000000000000000000005 /* SingleItemViewModel.swift */; };
		D30000000000000000000006 /* CheckOutViewModel.swift in Sources */ = {isa = PBXBuildFile; fileRef = D40000000000000000000006 /* CheckOutViewModel.swift */; };
		D30000000000000000000007 /* AccountLoginViewModel.swift in Sources */ = {isa = PBXBuildFile; fileRef = D40000000000000000000007 /* AccountLoginViewModel.swift */; };
		D30000000000000000000008 /* AccountCRUDViewModel.swift in Sources */ = {isa = PBXBuildFile; fileRef = D40000000000000000000008 /* AccountCRUDViewModel.swift */; };
		D30000000000000000000009 /* AccountViewModel.swift in Sources */ = {isa = PBXBuildFile; fileRef = D40000000000000000000009 /* AccountViewModel.swift */; };
		D3000000000000000000000A /* ThankYouViewModel.swift in Sources */ = {isa = PBXBuildFile; fileRef = D4000000000000000000000A /* ThankYouViewModel.swift */; };
/* End PBXBuildFile section */

/* Begin PBXContainerItemProxy section */
		0D8117AC2190BA8B009C7DD1 /* PBXContainerItemProxy */ = {
			isa = PBXContainerItemProxy;
			containerPortal = 0D81178B2190BA89009C7DD1 /* Project object */;
			proxyType = 1;
			remoteGlobalIDString = 0D8117922190BA89009C7DD1;
			remoteInfo = "E-Commerce App Project (Tabbed)";
		};
		0D8117B72190BA8B009C7DD1 /* PBXContainerItemProxy */ = {
			isa = PBXContainerItemProxy;
			containerPortal = 0D81178B2190BA89009C7DD1 /* Project object */;
			proxyType = 1;
			remoteGlobalIDString = 0D8117922190BA89009C7DD1;
			remoteInfo = "E-Commerce App Project (Tabbed)";
		};
/* End PBXContainerItemProxy section */

/* Begin PBXFileReference section */
		0D3372F721A0AC3500721A2B /* continueToShop-icon-40.png */ = {isa = PBXFileReference; lastKnownFileType = image.png; path = "continueToShop-icon-40.png"; sourceTree = "<group>"; };
		0D3372F921A0B26C00721A2B /* ECommerce-logo-250.png */ = {isa = PBXFileReference; lastKnownFileType = image.png; path = "ECommerce-logo-250.png"; sourceTree = "<group>"; };
		0D49CDCA219DDC4E00890606 /* userLogOut-icon-40.png */ = {isa = PBXFileReference; lastKnownFileType = image.png; path = "userLogOut-icon-40.png"; sourceTree = "<group>"; };
		0D49CDCF219E1CFD00890606 /* checkboxUnchecked-icon-40.png */ = {isa = PBXFileReference; lastKnownFileType = image.png; path = "checkboxUnchecked-icon-40.png"; sourceTree = "<group>"; };
		0D49CDD1219E1D3F00890606 /* checkboxChecked-icon-40.png */ = {isa = PBXFileReference; lastKnownFileType = image.png; path = "checkboxChecked-icon-40.png"; sourceTree = "<group>"; };
		0D4E69E621995D5A00318350 /* userHistory-icon-40.png */ = {isa = PBXFileReference; lastKnownFileType = image.png; path = "userHistory-icon-40.png"; sourceTree = "<group>"; };
		0D4E69E821995EBB00318350 /* userEditAccounr-icon-40.png */ = {isa = PBXFileReference; lastKnownFileType = image.png; path = "userEditAccounr-icon-40.png"; sourceTree = "<group>"; };
		0D66BD4221A2F296006D2488 /* dotInactive@2x.png */ = {isa = PBXFileReference; lastKnownFileType = image.png; path = "dotInactive@2x.png"; sourceTree = "<group>"; };
		0D66BD4321A2F296006D2488 /* dotInactive.png */ = {isa = PBXFileReference; lastKnownFileType = image.png; path = dotInactive.png; sourceTree = "<group>"; };
		0D66BD4421A2F296006D2488 /* dotInactive@3x.png */ = {isa = PBXFileReference; lastKnownFileType = image.png; path = "dotInactive@3x.png"; sourceTree = "<group>"; };
		0D66BD4521A2F296006D2488 /* image4.jpg */ = {isa = PBXFileReference; lastKnownFileType = image.jpeg; path = image4.jpg; sourceTree = "<group>"; };
		0D66BD4621A2F296006D2488 /* image5.jpg */ = {isa = PBXFileReference; lastKnownFileType = image.jpeg; path = image5.jpg; sourceTree = "<group>"; };
		0D66BD4B21A2F297006D2488 /* dotActive@3x.png */ = {isa = PBXFileReference; lastKnownFileType = image.png; path = "dotActive@3x.png"; sourceTree = "<group>"; };
		0D66BD4C21A2F297006D2488 /* dotActive.png */ = {isa = PBXFileReference; lastKnownFileType = image.png; path = dotActive.png; sourceTree = "<group>"; };
		0D66BD4D21A2F298006D2488 /* dotActive@2x.png */ = {isa = PBXFileReference; lastKnownFileType = image.png; path = "dotActive@2x.png"; sourceTree = "<group>"; };
		0D66BD5A21A2F88D006D2488 /* image1.jpg */ = {isa = PBXFileReference; lastKnownFileType = image.jpeg; path = image1.jpg; sourceTree = "<group>"; };
		0D66BD5B21A2F88D006D2488 /* image2.png */ = {isa = PBXFileReference; lastKnownFileType = image.png; path = image2.png; sourceTree = "<group>"; };
		0D7F8343219224360026FDEE /* data.json */ = {isa = PBXFileReference; fileEncoding = 4; lastKnownFileType = text.json; path = data.json; sourceTree = "<group>"; };
		0D8117932190BA89009C7DD1 /* E-Commerce App Project (Tabbed).app */ = {isa = PBXFileReference; explicitFileType = wrapper.application; includeInIndex = 0; path = "E-Commerce App Project (Tabbed).app"; sourceTree = BUILT_PRODUCTS_DIR; };
		0D81179D2190BA89009C7DD1 /* Base */ = {isa = PBXFileReference; lastKnownFileType = file.storyboard; name = Base; path = Base.lproj/Main.storyboard; sourceTree = "<group>"; };
		0D81179F2190BA8B009C7DD1 /* Assets.xcassets */ = {isa = PBXFileReference; lastKnownFileType = folder.assetcatalog; path = Assets.xcassets; sourceTree = "<group>"; };
		0D8117A22190BA8B009C7DD1 /* Base */ = {isa = PBXFileReference; lastKnownFileType = file.storyboard; name = Base; path = Base.lproj/LaunchScreen.storyboard; sourceTree = "<group>"; };
		0D8117A42190BA8B009C7DD1 /* Info.plist */ = {isa = PBXFileReference; lastKnownFileType = text.plist.xml; path = Info.plist; sourceTree = "<group>"; };
		0D8117AB2190BA8B009C7DD1 /* E-Commerce App Project (Tabbed)Tests.xctest */ = {isa = PBXFileReference; explicitFileType = wrapper.cfbundle; includeInIndex = 0; path = "E-Commerce App Project (Tabbed)Tests.xctest"; sourceTree = BUILT_PRODUCTS_DIR; };
		0D8117B12190BA8B009C7DD1 /* Info.plist */ = {isa = PBXFileReference; lastKnownFileType = text.plist.xml; path = Info.plist; sourceTree = "<group>"; };
		0D8117B62190BA8B009C7DD1 /* E-Commerce App Project (Tabbed)UITests.xctest */ = {isa = PBXFileReference; explicitFileType = wrapper.cfbundle; includeInIndex = 0; path = "E-Commerce App Project (Tabbed)UITests.xctest"; sourceTree = BUILT_PRODUCTS_DIR; };
		0D8117BC2190BA8B009C7DD1 /* Info.plist */ = {isa = PBXFileReference; lastKnownFileType = text.plist.xml; path = Info.plist; sourceTree = "<group>"; };
		0D8117CD21918D47009C7DD1 /* home-icon-40.png */ = {isa = PBXFileReference; lastKnownFileType = image.png; path = "home-icon-40.png"; sourceTree = "<group>"; };
		0D8117CF21918EC2009C7DD1 /* sale-icon-40.png */ = {isa = PBXFileReference; lastKnownFileType = image.png; path = "sale-icon-40.png"; sourceTree = "<group>"; };
		0D8117D12191910C009C7DD1 /* cart-icon-40.png */ = {isa = PBXFileReference; lastKnownFileType = image.png; path = "cart-icon-40.png"; sourceTree = "<group>"; };
		0D8117D321919252009C7DD1 /* account-icon-40.png */ = {isa = PBXFileReference; lastKnownFileType = image.png; path = "account-icon-40.png"; sourceTree = "<group>"; };
		0D900B74219731E60012AAB1 /* addToCart-icon-40.png */ = {isa = PBXFileReference; lastKnownFileType = image.png; path = "addToCart-icon-40.png"; sourceTree = "<group>"; };
		0D900B76219733880012AAB1 /* cartAdded-icon-40.png */ = {isa = PBXFileReference; lastKnownFileType = image.png; path = "cartAdded-icon-40.png"; sourceTree = "<group>"; };
		0D900B78219736A90012AAB1 /* removeFromCart-icon-40.png */ = {isa = PBXFileReference; lastKnownFileType = image.png; path = "removeFromCart-icon-40.png"; sourceTree = "<group>"; };
		0DA576E021A016820080C79A /* invoice.html */ = {isa = PBXFileReference; fileEncoding = 4; lastKnownFileType = text.html; path = invoice.html; sourceTree = "<group>"; };
		0DA576E221A0177D0080C79A /* single_item.html */ = {isa = PBXFileReference; fileEncoding = 4; lastKnownFileType = text.html; path = single_item.html; sourceTree = "<group>"; };
		0DA576E421A0855A0080C79A /* MessageUI.framework */ = {isa = PBXFileReference; lastKnownFileType = wrapper.framework; name = MessageUI.framework; path = System/Library/Frameworks/MessageUI.framework; sourceTree = SDKROOT; };
		0DA576E621A086710080C79A /* WebKit.framework */ = {isa = PBXFileReference; lastKnownFileType = wrapper.framework; name = WebKit.framework; path = System/Library/Frameworks/WebKit.framework; sourceTree = SDKROOT; };
		D10000000000000000000001 /* Item.swift */ = {isa = PBXFileReference; lastKnownFileType = sourcecode.swift; path = Item.swift; sourceTree = "<group>"; };
		D10000000000000000000002 /* Items.swift */ = {isa = PBXFileReference; lastKnownFileType = sourcecode.swift; path = Items.swift; sourceTree = "<group>"; };
		D10000000000000000000003 /* CategoryItemList.swift */ = {isa = PBXFileReference; lastKnownFileType = sourcecode.swift; path = CategoryItemList.swift; sourceTree = "<group>"; };
		D10000000000000000000004 /* ShoppingCart.swift */ = {isa = PBXFileReference; lastKnownFileType = sourcecode.swift; path = ShoppingCart.swift; sourceTree = "<group>"; };
		D10000000000000000000005 /* AccountOperations.swift */ = {isa = PBXFileReference; lastKnownFileType = sourcecode.swift; path = AccountOperations.swift; sourceTree = "<group>"; };
		D10000000000000000000006 /* Validation.swift */ = {isa = PBXFileReference; lastKnownFileType = sourcecode.swift; path = Validation.swift; sourceTree = "<group>"; };
		D10000000000000000000007 /* HomeViewController.swift */ = {isa = PBXFileReference; lastKnownFileType = sourcecode.swift; path = HomeViewController.swift; sourceTree = "<group>"; };
		D10000000000000000000008 /* SaleViewController.swift */ = {isa = PBXFileReference; lastKnownFileType = sourcecode.swift; path = SaleViewController.swift; sourceTree = "<group>"; };
		D10000000000000000000009 /* CartViewController.swift */ = {isa = PBXFileReference; lastKnownFileType = sourcecode.swift; path = CartViewController.swift; sourceTree = "<group>"; };
		D1000000000000000000000A /* AccountViewController.swift */ = {isa = PBXFileReference; lastKnownFileType = sourcecode.swift; path = AccountViewController.swift; sourceTree = "<group>"; };
		D1000000000000000000000B /* AccountCRUDViewController.swift */ = {isa = PBXFileReference; lastKnownFileType = sourcecode.swift; path = AccountCRUDViewController.swift; sourceTree = "<group>"; };
		D1000000000000000000000C /* AccountLoginViewController.swift */ = {isa = PBXFileReference; lastKnownFileType = sourcecode.swift; path = AccountLoginViewController.swift; sourceTree = "<group>"; };
		D1000000000000000000000D /* CheckOutViewController.swift */ = {isa = PBXFileReference; lastKnownFileType = sourcecode.swift; path = CheckOutViewController.swift; sourceTree = "<group>"; };
		D1000000000000000000000E /* SingleItemViewController.swift */ = {isa = PBXFileReference; lastKnownFileType = sourcecode.swift; path = SingleItemViewController.swift; sourceTree = "<group>"; };
		D1000000000000000000000F /* CategoryItemsViewController.swift */ = {isa = PBXFileReference; lastKnownFileType = sourcecode.swift; path = CategoryItemsViewController.swift; sourceTree = "<group>"; };
		D10000000000000000000010 /* ThankYouViewController.swift */ = {isa = PBXFileReference; lastKnownFileType = sourcecode.swift; path = ThankYouViewController.swift; sourceTree = "<group>"; };
		D10000000000000000000011 /* AJWValidator.swift */ = {isa = PBXFileReference; lastKnownFileType = sourcecode.swift; path = AJWValidator.swift; sourceTree = "<group>"; };
		D10000000000000000000012 /* AJWStringValidator.swift */ = {isa = PBXFileReference; lastKnownFileType = sourcecode.swift; path = AJWStringValidator.swift; sourceTree = "<group>"; };
		D10000000000000000000013 /* AJWNumericValidator.swift */ = {isa = PBXFileReference; lastKnownFileType = sourcecode.swift; path = AJWNumericValidator.swift; sourceTree = "<group>"; };
		D10000000000000000000014 /* AJWValidatorRule.swift */ = {isa = PBXFileReference; lastKnownFileType = sourcecode.swift; path = AJWValidatorRule.swift; sourceTree = "<group>"; };
		D10000000000000000000015 /* AJWValidatorRequiredRule.swift */ = {isa = PBXFileReference; lastKnownFileType = sourcecode.swift; path = AJWValidatorRequiredRule.swift; sourceTree = "<group>"; };
		D10000000000000000000016 /* AJWValidatorRangeRule.swift */ = {isa = PBXFileReference; lastKnownFileType = sourcecode.swift; path = AJWValidatorRangeRule.swift; sourceTree = "<group>"; };
		D10000000000000000000017 /* AJWValidatorRegularExpressionRule.swift */ = {isa = PBXFileReference; lastKnownFileType = sourcecode.swift; path = AJWValidatorRegularExpressionRule.swift; sourceTree = "<group>"; };
		D10000000000000000000018 /* AJWValidatorEqualRule.swift */ = {isa = PBXFileReference; lastKnownFileType = sourcecode.swift; path = AJWValidatorEqualRule.swift; sourceTree = "<group>"; };
		D10000000000000000000019 /* AJWValidatorCustomRule.swift */ = {isa = PBXFileReference; lastKnownFileType = sourcecode.swift; path = AJWValidatorCustomRule.swift; sourceTree = "<group>"; };
		D1000000000000000000001A /* AJWValidatorRemoteRule.swift */ = {isa = PBXFileReference; lastKnownFileType = sourcecode.swift; path = AJWValidatorRemoteRule.swift; sourceTree = "<group>"; };
		D1000000000000000000001B /* UIView+AJWValidator.swift */ = {isa = PBXFileReference; lastKnownFileType = sourcecode.swift; path = "UIView+AJWValidator.swift"; sourceTree = "<group>"; };
		D1000000000000000000001C /* TAPageControl.swift */ = {isa = PBXFileReference; lastKnownFileType = sourcecode.swift; path = TAPageControl.swift; sourceTree = "<group>"; };
		D1000000000000000000001D /* TAAbstractDotView.swift */ = {isa = PBXFileReference; lastKnownFileType = sourcecode.swift; path = TAAbstractDotView.swift; sourceTree = "<group>"; };
		D1000000000000000000001E /* TAAnimatedDotView.swift */ = {isa = PBXFileReference; lastKnownFileType = sourcecode.swift; path = TAAnimatedDotView.swift; sourceTree = "<group>"; };
		D1000000000000000000001F /* TADotView.swift */ = {isa = PBXFileReference; lastKnownFileType = sourcecode.swift; path = TADotView.swift; sourceTree = "<group>"; };
		D10000000000000000000020 /* AppDelegate.swift */ = {isa = PBXFileReference; lastKnownFileType = sourcecode.swift; path = AppDelegate.swift; sourceTree = "<group>"; };
		D10000000000000000000021 /* ViewController.swift */ = {isa = PBXFileReference; lastKnownFileType = sourcecode.swift; path = ViewController.swift; sourceTree = "<group>"; };
		D10000000000000000000022 /* E_Commerce_App_Project__Tabbed_Tests.swift */ = {isa = PBXFileReference; lastKnownFileType = sourcecode.swift; path = E_Commerce_App_Project__Tabbed_Tests.swift; sourceTree = "<group>"; };
		D10000000000000000000023 /* E_Commerce_App_Project__Tabbed_UITests.swift */ = {isa = PBXFileReference; lastKnownFileType = sourcecode.swift; path = E_Commerce_App_Project__Tabbed_UITests.swift; sourceTree = "<group>"; };
		E10000000000000000000001 /* ItemTests.swift */ = {isa = PBXFileReference; lastKnownFileType = sourcecode.swift; path = ItemTests.swift; sourceTree = "<group>"; };
		E10000000000000000000002 /* ShoppingCartTests.swift */ = {isa = PBXFileReference; lastKnownFileType = sourcecode.swift; path = ShoppingCartTests.swift; sourceTree = "<group>"; };
		E10000000000000000000003 /* AccountOperationsTests.swift */ = {isa = PBXFileReference; lastKnownFileType = sourcecode.swift; path = AccountOperationsTests.swift; sourceTree = "<group>"; };
		E10000000000000000000004 /* HomeViewModelTests.swift */ = {isa = PBXFileReference; lastKnownFileType = sourcecode.swift; path = HomeViewModelTests.swift; sourceTree = "<group>"; };
		E10000000000000000000005 /* CartViewModelTests.swift */ = {isa = PBXFileReference; lastKnownFileType = sourcecode.swift; path = CartViewModelTests.swift; sourceTree = "<group>"; };
		E10000000000000000000006 /* SaleViewModelTests.swift */ = {isa = PBXFileReference; lastKnownFileType = sourcecode.swift; path = SaleViewModelTests.swift; sourceTree = "<group>"; };
		E10000000000000000000007 /* SingleItemViewModelTests.swift */ = {isa = PBXFileReference; lastKnownFileType = sourcecode.swift; path = SingleItemViewModelTests.swift; sourceTree = "<group>"; };
		E10000000000000000000008 /* CheckOutViewModelTests.swift */ = {isa = PBXFileReference; lastKnownFileType = sourcecode.swift; path = CheckOutViewModelTests.swift; sourceTree = "<group>"; };
		E10000000000000000000009 /* AccountLoginViewModelTests.swift */ = {isa = PBXFileReference; lastKnownFileType = sourcecode.swift; path = AccountLoginViewModelTests.swift; sourceTree = "<group>"; };
		E1000000000000000000000A /* AccountCRUDViewModelTests.swift */ = {isa = PBXFileReference; lastKnownFileType = sourcecode.swift; path = AccountCRUDViewModelTests.swift; sourceTree = "<group>"; };
		E1000000000000000000000B /* AccountViewModelTests.swift */ = {isa = PBXFileReference; lastKnownFileType = sourcecode.swift; path = AccountViewModelTests.swift; sourceTree = "<group>"; };
		E1000000000000000000000C /* CategoryItemsViewModelTests.swift */ = {isa = PBXFileReference; lastKnownFileType = sourcecode.swift; path = CategoryItemsViewModelTests.swift; sourceTree = "<group>"; };
		E1000000000000000000000D /* ThankYouViewModelTests.swift */ = {isa = PBXFileReference; lastKnownFileType = sourcecode.swift; path = ThankYouViewModelTests.swift; sourceTree = "<group>"; };
		D40000000000000000000001/* HomeViewModel.swift */ = {isa = PBXFileReference; lastKnownFileType = sourcecode.swift; path = HomeViewModel.swift; sourceTree = "<group>"; };
		D40000000000000000000002 /* SaleViewModel.swift */ = {isa = PBXFileReference; lastKnownFileType = sourcecode.swift; path = SaleViewModel.swift; sourceTree = "<group>"; };
		D40000000000000000000003 /* CartViewModel.swift */ = {isa = PBXFileReference; lastKnownFileType = sourcecode.swift; path = CartViewModel.swift; sourceTree = "<group>"; };
		D40000000000000000000004 /* CategoryItemsViewModel.swift */ = {isa = PBXFileReference; lastKnownFileType = sourcecode.swift; path = CategoryItemsViewModel.swift; sourceTree = "<group>"; };
		D40000000000000000000005 /* SingleItemViewModel.swift */ = {isa = PBXFileReference; lastKnownFileType = sourcecode.swift; path = SingleItemViewModel.swift; sourceTree = "<group>"; };
		D40000000000000000000006 /* CheckOutViewModel.swift */ = {isa = PBXFileReference; lastKnownFileType = sourcecode.swift; path = CheckOutViewModel.swift; sourceTree = "<group>"; };
		D40000000000000000000007 /* AccountLoginViewModel.swift */ = {isa = PBXFileReference; lastKnownFileType = sourcecode.swift; path = AccountLoginViewModel.swift; sourceTree = "<group>"; };
		D40000000000000000000008 /* AccountCRUDViewModel.swift */ = {isa = PBXFileReference; lastKnownFileType = sourcecode.swift; path = AccountCRUDViewModel.swift; sourceTree = "<group>"; };
		D40000000000000000000009 /* AccountViewModel.swift */ = {isa = PBXFileReference; lastKnownFileType = sourcecode.swift; path = AccountViewModel.swift; sourceTree = "<group>"; };
		D4000000000000000000000A /* ThankYouViewModel.swift */ = {isa = PBXFileReference; lastKnownFileType = sourcecode.swift; path = ThankYouViewModel.swift; sourceTree = "<group>"; };
/* End PBXFileReference section */

/* Begin PBXFrameworksBuildPhase section */
		0D8117902190BA89009C7DD1 /* Frameworks */ = {
			isa = PBXFrameworksBuildPhase;
			buildActionMask = 2147483647;
			files = (
				0DA576E721A086710080C79A /* WebKit.framework in Frameworks */,
				0DA576E521A0855B0080C79A /* MessageUI.framework in Frameworks */,
			);
			runOnlyForDeploymentPostprocessing = 0;
		};
		0D8117A82190BA8B009C7DD1 /* Frameworks */ = {
			isa = PBXFrameworksBuildPhase;
			buildActionMask = 2147483647;
			files = (
			);
			runOnlyForDeploymentPostprocessing = 0;
		};
		0D8117B32190BA8B009C7DD1 /* Frameworks */ = {
			isa = PBXFrameworksBuildPhase;
			buildActionMask = 2147483647;
			files = (
			);
			runOnlyForDeploymentPostprocessing = 0;
		};
/* End PBXFrameworksBuildPhase section */

/* Begin PBXGroup section */
		0D49CDA0219C204E00890606 /* Supporting Libraries */ = {
			isa = PBXGroup;
			children = (
				0D66BD3321A2EDC9006D2488 /* TAPageControl */,
				0D49CDA1219C20FE00890606 /* AJWValidator */,
			);
			path = "Supporting Libraries";
			sourceTree = "<group>";
		};
		0D49CDA1219C20FE00890606 /* AJWValidator */ = {
			isa = PBXGroup;
			children = (
				D10000000000000000000011 /* AJWValidator.swift */,
				D10000000000000000000012 /* AJWStringValidator.swift */,
				D10000000000000000000013 /* AJWNumericValidator.swift */,
				D10000000000000000000014 /* AJWValidatorRule.swift */,
				D10000000000000000000015 /* AJWValidatorRequiredRule.swift */,
				D10000000000000000000016 /* AJWValidatorRangeRule.swift */,
				D10000000000000000000017 /* AJWValidatorRegularExpressionRule.swift */,
				D10000000000000000000018 /* AJWValidatorEqualRule.swift */,
				D10000000000000000000019 /* AJWValidatorCustomRule.swift */,
				D1000000000000000000001A /* AJWValidatorRemoteRule.swift */,
				D1000000000000000000001B /* UIView+AJWValidator.swift */,
			);
			path = AJWValidator;
			sourceTree = "<group>";
		};
		0D49CDD6219F558000890606 /* Assets */ = {
			isa = PBXGroup;
			children = (
				0D49CDD7219F55B800890606 /* pdf */,
			);
			path = Assets;
			sourceTree = "<group>";
		};
		0D49CDD7219F55B800890606 /* pdf */ = {
			isa = PBXGroup;
			children = (
				0DA576E221A0177D0080C79A /* single_item.html */,
				0DA576E021A016820080C79A /* invoice.html */,
			);
			path = pdf;
			sourceTree = "<group>";
		};
		0D4E69E32199565A00318350 /* Frameworks */ = {
			isa = PBXGroup;
			children = (
				0DA576E621A086710080C79A /* WebKit.framework */,
				0DA576E421A0855A0080C79A /* MessageUI.framework */,
			);
			name = Frameworks;
			sourceTree = "<group>";
		};
		0D66BD3321A2EDC9006D2488 /* TAPageControl */ = {
			isa = PBXGroup;
			children = (
				D1000000000000000000001C /* TAPageControl.swift */,
				D1000000000000000000001D /* TAAbstractDotView.swift */,
				D1000000000000000000001E /* TAAnimatedDotView.swift */,
				D1000000000000000000001F /* TADotView.swift */,
			);
			path = TAPageControl;
			sourceTree = "<group>";
		};
		0D66BD4121A2F274006D2488 /* sliderImages */ = {
			isa = PBXGroup;
			children = (
				0D66BD5A21A2F88D006D2488 /* image1.jpg */,
				0D66BD5B21A2F88D006D2488 /* image2.png */,
				0D66BD4C21A2F297006D2488 /* dotActive.png */,
				0D66BD4D21A2F298006D2488 /* dotActive@2x.png */,
				0D66BD4B21A2F297006D2488 /* dotActive@3x.png */,
				0D66BD4321A2F296006D2488 /* dotInactive.png */,
				0D66BD4221A2F296006D2488 /* dotInactive@2x.png */,
				0D66BD4421A2F296006D2488 /* dotInactive@3x.png */,
				0D66BD4521A2F296006D2488 /* image4.jpg */,
				0D66BD4621A2F296006D2488 /* image5.jpg */,
			);
			path = sliderImages;
			sourceTree = "<group>";
		};
		D50000000000000000000001 /* ViewModels */ = {
			isa = PBXGroup;
			children = (
				D40000000000000000000001 /* HomeViewModel.swift */,
				D40000000000000000000002 /* SaleViewModel.swift */,
				D40000000000000000000003 /* CartViewModel.swift */,
				D40000000000000000000004 /* CategoryItemsViewModel.swift */,
				D40000000000000000000005 /* SingleItemViewModel.swift */,
				D40000000000000000000006 /* CheckOutViewModel.swift */,
				D40000000000000000000007 /* AccountLoginViewModel.swift */,
				D40000000000000000000008 /* AccountCRUDViewModel.swift */,
				D40000000000000000000009 /* AccountViewModel.swift */,
				D4000000000000000000000A /* ThankYouViewModel.swift */,
			);
			path = ViewModels;
			sourceTree = "<group>";
		};
		0D76BAD72193253B00783E47 /* Controllers */ = {
			isa = PBXGroup;
			children = (
				D10000000000000000000007 /* HomeViewController.swift */,
				D10000000000000000000008 /* SaleViewController.swift */,
				D10000000000000000000009 /* CartViewController.swift */,
				D1000000000000000000000A /* AccountViewController.swift */,
				D1000000000000000000000B /* AccountCRUDViewController.swift */,
				D1000000000000000000000C /* AccountLoginViewController.swift */,
				D1000000000000000000000D /* CheckOutViewController.swift */,
				D1000000000000000000000E /* SingleItemViewController.swift */,
				D1000000000000000000000F /* CategoryItemsViewController.swift */,
				D10000000000000000000010 /* ThankYouViewController.swift */,
			);
			path = Controllers;
			sourceTree = "<group>";
		};
		0D7F8348219226890026FDEE /* Classes */ = {
			isa = PBXGroup;
			children = (
				D10000000000000000000001 /* Item.swift */,
				D10000000000000000000002 /* Items.swift */,
				D10000000000000000000003 /* CategoryItemList.swift */,
				D10000000000000000000004 /* ShoppingCart.swift */,
				D10000000000000000000005 /* AccountOperations.swift */,
				D10000000000000000000006 /* Validation.swift */,
			);
			path = Classes;
			sourceTree = "<group>";
		};
		0D81178A2190BA89009C7DD1 = {
			isa = PBXGroup;
			children = (
				0D8117952190BA89009C7DD1 /* E-Commerce App Project (Tabbed) */,
				0D8117AE2190BA8B009C7DD1 /* E-Commerce App Project (Tabbed)Tests */,
				0D8117B92190BA8B009C7DD1 /* E-Commerce App Project (Tabbed)UITests */,
				0D8117942190BA89009C7DD1 /* Products */,
				0D4E69E32199565A00318350 /* Frameworks */,
			);
			sourceTree = "<group>";
		};
		0D8117942190BA89009C7DD1 /* Products */ = {
			isa = PBXGroup;
			children = (
				0D8117932190BA89009C7DD1 /* E-Commerce App Project (Tabbed).app */,
				0D8117AB2190BA8B009C7DD1 /* E-Commerce App Project (Tabbed)Tests.xctest */,
				0D8117B62190BA8B009C7DD1 /* E-Commerce App Project (Tabbed)UITests.xctest */,
			);
			name = Products;
			sourceTree = "<group>";
		};
		0D8117952190BA89009C7DD1 /* E-Commerce App Project (Tabbed) */ = {
			isa = PBXGroup;
			children = (
				0D49CDD6219F558000890606 /* Assets */,
				0D49CDA0219C204E00890606 /* Supporting Libraries */,
				D50000000000000000000001 /* ViewModels */,
				0D76BAD72193253B00783E47 /* Controllers */,
				0D7F8348219226890026FDEE /* Classes */,
				0D7F8343219224360026FDEE /* data.json */,
				0D8117C82190BBF4009C7DD1 /* Images */,
				D10000000000000000000020 /* AppDelegate.swift */,
				D10000000000000000000021 /* ViewController.swift */,
				0D81179C2190BA89009C7DD1 /* Main.storyboard */,
				0D81179F2190BA8B009C7DD1 /* Assets.xcassets */,
				0D8117A12190BA8B009C7DD1 /* LaunchScreen.storyboard */,
				0D8117A42190BA8B009C7DD1 /* Info.plist */,
			);
			path = "E-Commerce App Project (Tabbed)";
			sourceTree = "<group>";
		};
		0D8117AE2190BA8B009C7DD1 /* E-Commerce App Project (Tabbed)Tests */ = {
			isa = PBXGroup;
			children = (
				D10000000000000000000022 /* E_Commerce_App_Project__Tabbed_Tests.swift */,
				E10000000000000000000001 /* ItemTests.swift */,
				E10000000000000000000002 /* ShoppingCartTests.swift */,
				E10000000000000000000003 /* AccountOperationsTests.swift */,
				E10000000000000000000004 /* HomeViewModelTests.swift */,
				E10000000000000000000005 /* CartViewModelTests.swift */,
				E10000000000000000000006 /* SaleViewModelTests.swift */,
				E10000000000000000000007 /* SingleItemViewModelTests.swift */,
				E10000000000000000000008 /* CheckOutViewModelTests.swift */,
				E10000000000000000000009 /* AccountLoginViewModelTests.swift */,
				E1000000000000000000000A /* AccountCRUDViewModelTests.swift */,
				E1000000000000000000000B /* AccountViewModelTests.swift */,
				E1000000000000000000000C /* CategoryItemsViewModelTests.swift */,
				E1000000000000000000000D /* ThankYouViewModelTests.swift */,
				0D8117B12190BA8B009C7DD1 /* Info.plist */,
			);
			path = "E-Commerce App Project (Tabbed)Tests";
			sourceTree = "<group>";
		};
		0D8117B92190BA8B009C7DD1 /* E-Commerce App Project (Tabbed)UITests */ = {
			isa = PBXGroup;
			children = (
				D10000000000000000000023 /* E_Commerce_App_Project__Tabbed_UITests.swift */,
				0D8117BC2190BA8B009C7DD1 /* Info.plist */,
			);
			path = "E-Commerce App Project (Tabbed)UITests";
			sourceTree = "<group>";
		};
		0D8117C82190BBF4009C7DD1 /* Images */ = {
			isa = PBXGroup;
			children = (
				0D66BD4121A2F274006D2488 /* sliderImages */,
				0D3372F921A0B26C00721A2B /* ECommerce-logo-250.png */,
				0D3372F721A0AC3500721A2B /* continueToShop-icon-40.png */,
				0D49CDD1219E1D3F00890606 /* checkboxChecked-icon-40.png */,
				0D49CDCF219E1CFD00890606 /* checkboxUnchecked-icon-40.png */,
				0D49CDCA219DDC4E00890606 /* userLogOut-icon-40.png */,
				0D4E69E821995EBB00318350 /* userEditAccounr-icon-40.png */,
				0D4E69E621995D5A00318350 /* userHistory-icon-40.png */,
				0D900B78219736A90012AAB1 /* removeFromCart-icon-40.png */,
				0D900B76219733880012AAB1 /* cartAdded-icon-40.png */,
				0D900B74219731E60012AAB1 /* addToCart-icon-40.png */,
				0D8117D321919252009C7DD1 /* account-icon-40.png */,
				0D8117D12191910C009C7DD1 /* cart-icon-40.png */,
				0D8117CF21918EC2009C7DD1 /* sale-icon-40.png */,
				0D8117CD21918D47009C7DD1 /* home-icon-40.png */,
			);
			path = Images;
			sourceTree = "<group>";
		};
/* End PBXGroup section */

/* Begin PBXNativeTarget section */
		0D8117922190BA89009C7DD1 /* E-Commerce App Project (Tabbed) */ = {
			isa = PBXNativeTarget;
			buildConfigurationList = 0D8117BF2190BA8B009C7DD1 /* Build configuration list for PBXNativeTarget "E-Commerce App Project (Tabbed)" */;
			buildPhases = (
				0D81178F2190BA89009C7DD1 /* Sources */,
				0D8117902190BA89009C7DD1 /* Frameworks */,
				0D8117912190BA89009C7DD1 /* Resources */,
			);
			buildRules = (
			);
			dependencies = (
			);
			name = "E-Commerce App Project (Tabbed)";
			productName = "E-Commerce App Project (Tabbed)";
			productReference = 0D8117932190BA89009C7DD1 /* E-Commerce App Project (Tabbed).app */;
			productType = "com.apple.product-type.application";
		};
		0D8117AA2190BA8B009C7DD1 /* E-Commerce App Project (Tabbed)Tests */ = {
			isa = PBXNativeTarget;
			buildConfigurationList = 0D8117C22190BA8B009C7DD1 /* Build configuration list for PBXNativeTarget "E-Commerce App Project (Tabbed)Tests" */;
			buildPhases = (
				0D8117A72190BA8B009C7DD1 /* Sources */,
				0D8117A82190BA8B009C7DD1 /* Frameworks */,
				0D8117A92190BA8B009C7DD1 /* Resources */,
			);
			buildRules = (
			);
			dependencies = (
				0D8117AD2190BA8B009C7DD1 /* PBXTargetDependency */,
			);
			name = "E-Commerce App Project (Tabbed)Tests";
			productName = "E-Commerce App Project (Tabbed)Tests";
			productReference = 0D8117AB2190BA8B009C7DD1 /* E-Commerce App Project (Tabbed)Tests.xctest */;
			productType = "com.apple.product-type.bundle.unit-test";
		};
		0D8117B52190BA8B009C7DD1 /* E-Commerce App Project (Tabbed)UITests */ = {
			isa = PBXNativeTarget;
			buildConfigurationList = 0D8117C52190BA8B009C7DD1 /* Build configuration list for PBXNativeTarget "E-Commerce App Project (Tabbed)UITests" */;
			buildPhases = (
				0D8117B22190BA8B009C7DD1 /* Sources */,
				0D8117B32190BA8B009C7DD1 /* Frameworks */,
				0D8117B42190BA8B009C7DD1 /* Resources */,
			);
			buildRules = (
			);
			dependencies = (
				0D8117B82190BA8B009C7DD1 /* PBXTargetDependency */,
			);
			name = "E-Commerce App Project (Tabbed)UITests";
			productName = "E-Commerce App Project (Tabbed)UITests";
			productReference = 0D8117B62190BA8B009C7DD1 /* E-Commerce App Project (Tabbed)UITests.xctest */;
			productType = "com.apple.product-type.bundle.ui-testing";
		};
/* End PBXNativeTarget section */

/* Begin PBXProject section */
		0D81178B2190BA89009C7DD1 /* Project object */ = {
			isa = PBXProject;
			attributes = {
				LastUpgradeCheck = 1010;
				ORGANIZATIONNAME = "Rony Banik";
				TargetAttributes = {
					0D8117922190BA89009C7DD1 = {
						CreatedOnToolsVersion = 10.1;
					};
					0D8117AA2190BA8B009C7DD1 = {
						CreatedOnToolsVersion = 10.1;
						TestTargetID = 0D8117922190BA89009C7DD1;
					};
					0D8117B52190BA8B009C7DD1 = {
						CreatedOnToolsVersion = 10.1;
						TestTargetID = 0D8117922190BA89009C7DD1;
					};
				};
			};
			buildConfigurationList = 0D81178E2190BA89009C7DD1 /* Build configuration list for PBXProject "E-Commerce App Project (Tabbed)" */;
			compatibilityVersion = "Xcode 9.3";
			developmentRegion = en;
			hasScannedForEncodings = 0;
			knownRegions = (
				en,
				Base,
			);
			mainGroup = 0D81178A2190BA89009C7DD1;
			productRefGroup = 0D8117942190BA89009C7DD1 /* Products */;
			projectDirPath = "";
			projectRoot = "";
			targets = (
				0D8117922190BA89009C7DD1 /* E-Commerce App Project (Tabbed) */,
				0D8117AA2190BA8B009C7DD1 /* E-Commerce App Project (Tabbed)Tests */,
				0D8117B52190BA8B009C7DD1 /* E-Commerce App Project (Tabbed)UITests */,
			);
		};
/* End PBXProject section */

/* Begin PBXResourcesBuildPhase section */
		0D8117912190BA89009C7DD1 /* Resources */ = {
			isa = PBXResourcesBuildPhase;
			buildActionMask = 2147483647;
			files = (
				0D66BD5E21A2F88D006D2488 /* image2.png in Resources */,
				0D8117A32190BA8B009C7DD1 /* LaunchScreen.storyboard in Resources */,
				0D66BD5221A2F298006D2488 /* image5.jpg in Resources */,
				0D66BD5821A2F298006D2488 /* dotActive.png in Resources */,
				0D3372FA21A0B26C00721A2B /* ECommerce-logo-250.png in Resources */,
				0D8117A02190BA8B009C7DD1 /* Assets.xcassets in Resources */,
				0D66BD5921A2F298006D2488 /* dotActive@2x.png in Resources */,
				0D49CDD2219E1D3F00890606 /* checkboxChecked-icon-40.png in Resources */,
				0D900B79219736A90012AAB1 /* removeFromCart-icon-40.png in Resources */,
				0D81179E2190BA89009C7DD1 /* Main.storyboard in Resources */,
				0D7F8344219224360026FDEE /* data.json in Resources */,
				0D900B75219731E60012AAB1 /* addToCart-icon-40.png in Resources */,
				0D66BD5D21A2F88D006D2488 /* image1.jpg in Resources */,
				0D66BD4F21A2F298006D2488 /* dotInactive.png in Resources */,
				0D8117D22191910C009C7DD1 /* cart-icon-40.png in Resources */,
				0D4E69E921995EBB00318350 /* userEditAccounr-icon-40.png in Resources */,
				0D49CDCB219DDC4E00890606 /* userLogOut-icon-40.png in Resources */,
				0D8117CE21918D48009C7DD1 /* home-icon-40.png in Resources */,
				0DA576E121A016820080C79A /* invoice.html in Resources */,
				0D900B77219733880012AAB1 /* cartAdded-icon-40.png in Resources */,
				0D66BD5121A2F298006D2488 /* image4.jpg in Resources */,
				0D49CDD0219E1CFD00890606 /* checkboxUnchecked-icon-40.png in Resources */,
				0DA576E321A0177D0080C79A /* single_item.html in Resources */,
				0D66BD5021A2F298006D2488 /* dotInactive@3x.png in Resources */,
				0D66BD4E21A2F298006D2488 /* dotInactive@2x.png in Resources */,
				0D66BD5721A2F298006D2488 /* dotActive@3x.png in Resources */,
				0D4E69E721995D5A00318350 /* userHistory-icon-40.png in Resources */,
				0D8117D421919252009C7DD1 /* account-icon-40.png in Resources */,
				0D3372F821A0AC3500721A2B /* continueToShop-icon-40.png in Resources */,
				0D8117D021918EC2009C7DD1 /* sale-icon-40.png in Resources */,
			);
			runOnlyForDeploymentPostprocessing = 0;
		};
		0D8117A92190BA8B009C7DD1 /* Resources */ = {
			isa = PBXResourcesBuildPhase;
			buildActionMask = 2147483647;
			files = (
			);
			runOnlyForDeploymentPostprocessing = 0;
		};
		0D8117B42190BA8B009C7DD1 /* Resources */ = {
			isa = PBXResourcesBuildPhase;
			buildActionMask = 2147483647;
			files = (
			);
			runOnlyForDeploymentPostprocessing = 0;
		};
/* End PBXResourcesBuildPhase section */

/* Begin PBXSourcesBuildPhase section */
		0D81178F2190BA89009C7DD1 /* Sources */ = {
			isa = PBXSourcesBuildPhase;
			buildActionMask = 2147483647;
			files = (
				D20000000000000000000001 /* Item.swift in Sources */,
				D20000000000000000000002 /* Items.swift in Sources */,
				D20000000000000000000003 /* CategoryItemList.swift in Sources */,
				D20000000000000000000004 /* ShoppingCart.swift in Sources */,
				D20000000000000000000005 /* AccountOperations.swift in Sources */,
				D20000000000000000000006 /* Validation.swift in Sources */,
				D20000000000000000000007 /* HomeViewController.swift in Sources */,
				D20000000000000000000008 /* SaleViewController.swift in Sources */,
				D20000000000000000000009 /* CartViewController.swift in Sources */,
				D2000000000000000000000A /* AccountViewController.swift in Sources */,
				D2000000000000000000000B /* AccountCRUDViewController.swift in Sources */,
				D2000000000000000000000C /* AccountLoginViewController.swift in Sources */,
				D2000000000000000000000D /* CheckOutViewController.swift in Sources */,
				D2000000000000000000000E /* SingleItemViewController.swift in Sources */,
				D2000000000000000000000F /* CategoryItemsViewController.swift in Sources */,
				D20000000000000000000010 /* ThankYouViewController.swift in Sources */,
				D20000000000000000000011 /* AJWValidator.swift in Sources */,
				D20000000000000000000012 /* AJWStringValidator.swift in Sources */,
				D20000000000000000000013 /* AJWNumericValidator.swift in Sources */,
				D20000000000000000000014 /* AJWValidatorRule.swift in Sources */,
				D20000000000000000000015 /* AJWValidatorRequiredRule.swift in Sources */,
				D20000000000000000000016 /* AJWValidatorRangeRule.swift in Sources */,
				D20000000000000000000017 /* AJWValidatorRegularExpressionRule.swift in Sources */,
				D20000000000000000000018 /* AJWValidatorEqualRule.swift in Sources */,
				D20000000000000000000019 /* AJWValidatorCustomRule.swift in Sources */,
				D2000000000000000000001A /* AJWValidatorRemoteRule.swift in Sources */,
				D2000000000000000000001B /* UIView+AJWValidator.swift in Sources */,
				D2000000000000000000001C /* TAPageControl.swift in Sources */,
				D2000000000000000000001D /* TAAbstractDotView.swift in Sources */,
				D2000000000000000000001E /* TAAnimatedDotView.swift in Sources */,
				D2000000000000000000001F /* TADotView.swift in Sources */,
				D20000000000000000000020 /* AppDelegate.swift in Sources */,
				D20000000000000000000021 /* ViewController.swift in Sources */,
				D30000000000000000000001 /* HomeViewModel.swift in Sources */,
				D30000000000000000000002 /* SaleViewModel.swift in Sources */,
				D30000000000000000000003 /* CartViewModel.swift in Sources */,
				D30000000000000000000004 /* CategoryItemsViewModel.swift in Sources */,
				D30000000000000000000005 /* SingleItemViewModel.swift in Sources */,
				D30000000000000000000006 /* CheckOutViewModel.swift in Sources */,
				D30000000000000000000007 /* AccountLoginViewModel.swift in Sources */,
				D30000000000000000000008 /* AccountCRUDViewModel.swift in Sources */,
				D30000000000000000000009 /* AccountViewModel.swift in Sources */,
				D3000000000000000000000A /* ThankYouViewModel.swift in Sources */,
			);
			runOnlyForDeploymentPostprocessing = 0;
		};
		0D8117A72190BA8B009C7DD1 /* Sources */= {
			isa = PBXSourcesBuildPhase;
			buildActionMask = 2147483647;
			files = (
				D20000000000000000000022 /* E_Commerce_App_Project__Tabbed_Tests.swift in Sources */,
				E20000000000000000000001 /* ItemTests.swift in Sources */,
				E20000000000000000000002 /* ShoppingCartTests.swift in Sources */,
				E20000000000000000000003 /* AccountOperationsTests.swift in Sources */,
				E20000000000000000000004 /* HomeViewModelTests.swift in Sources */,
				E20000000000000000000005 /* CartViewModelTests.swift in Sources */,
				E20000000000000000000006 /* SaleViewModelTests.swift in Sources */,
				E20000000000000000000007 /* SingleItemViewModelTests.swift in Sources */,
				E20000000000000000000008 /* CheckOutViewModelTests.swift in Sources */,
				E20000000000000000000009 /* AccountLoginViewModelTests.swift in Sources */,
				E2000000000000000000000A /* AccountCRUDViewModelTests.swift in Sources */,
				E2000000000000000000000B /* AccountViewModelTests.swift in Sources */,
				E2000000000000000000000C /* CategoryItemsViewModelTests.swift in Sources */,
				E2000000000000000000000D /* ThankYouViewModelTests.swift in Sources */,
			);
			runOnlyForDeploymentPostprocessing = 0;
		};
		0D8117B22190BA8B009C7DD1 /* Sources */ = {
			isa = PBXSourcesBuildPhase;
			buildActionMask = 2147483647;
			files = (
				D20000000000000000000023 /* E_Commerce_App_Project__Tabbed_UITests.swift in Sources */,
			);
			runOnlyForDeploymentPostprocessing = 0;
		};
/* End PBXSourcesBuildPhase section */

/* Begin PBXTargetDependency section */
		0D8117AD2190BA8B009C7DD1 /* PBXTargetDependency */ = {
			isa = PBXTargetDependency;
			target = 0D8117922190BA89009C7DD1 /* E-Commerce App Project (Tabbed) */;
			targetProxy = 0D8117AC2190BA8B009C7DD1 /* PBXContainerItemProxy */;
		};
		0D8117B82190BA8B009C7DD1 /* PBXTargetDependency */ = {
			isa = PBXTargetDependency;
			target = 0D8117922190BA89009C7DD1 /* E-Commerce App Project (Tabbed) */;
			targetProxy = 0D8117B72190BA8B009C7DD1 /* PBXContainerItemProxy */;
		};
/* End PBXTargetDependency section */

/* Begin PBXVariantGroup section */
		0D81179C2190BA89009C7DD1 /* Main.storyboard */ = {
			isa = PBXVariantGroup;
			children = (
				0D81179D2190BA89009C7DD1 /* Base */,
			);
			name = Main.storyboard;
			sourceTree = "<group>";
		};
		0D8117A12190BA8B009C7DD1 /* LaunchScreen.storyboard */ = {
			isa = PBXVariantGroup;
			children = (
				0D8117A22190BA8B009C7DD1 /* Base */,
			);
			name = LaunchScreen.storyboard;
			sourceTree = "<group>";
		};
/* End PBXVariantGroup section */

/* Begin XCBuildConfiguration section */
		0D8117BE2190BA8B009C7DD1 /* Release */ = {
			isa = XCBuildConfiguration;
			buildSettings = {
				ALWAYS_SEARCH_USER_PATHS = NO;
				CLANG_ANALYZER_NONNULL = YES;
				CLANG_ANALYZER_NUMBER_OBJECT_CONVERSION = YES_AGGRESSIVE;
				CLANG_CXX_LANGUAGE_STANDARD = "gnu++20";
				CLANG_CXX_LIBRARY = "libc++";
				CLANG_ENABLE_MODULES = YES;
				CLANG_ENABLE_OBJC_ARC = YES;
				CLANG_ENABLE_OBJC_WEAK = YES;
				CLANG_WARN_BLOCK_CAPTURE_AUTORELEASING = YES;
				CLANG_WARN_BOOL_CONVERSION = YES;
				CLANG_WARN_COMMA = YES;
				CLANG_WARN_CONSTANT_CONVERSION = YES;
				CLANG_WARN_DEPRECATED_OBJC_IMPLEMENTATIONS = YES;
				CLANG_WARN_DIRECT_OBJC_ISA_USAGE = YES_ERROR;
				CLANG_WARN_DOCUMENTATION_COMMENTS = YES;
				CLANG_WARN_EMPTY_BODY = YES;
				CLANG_WARN_ENUM_CONVERSION = YES;
				CLANG_WARN_INFINITE_RECURSION = YES;
				CLANG_WARN_INT_CONVERSION = YES;
				CLANG_WARN_NON_LITERAL_NULL_CONVERSION = YES;
				CLANG_WARN_OBJC_IMPLICIT_RETAIN_SELF = YES;
				CLANG_WARN_OBJC_LITERAL_CONVERSION = YES;
				CLANG_WARN_OBJC_ROOT_CLASS = YES_ERROR;
				CLANG_WARN_RANGE_LOOP_ANALYSIS = YES;
				CLANG_WARN_STRICT_PROTOTYPES = YES;
				CLANG_WARN_SUSPICIOUS_MOVE = YES;
				CLANG_WARN_UNGUARDED_AVAILABILITY = YES_AGGRESSIVE;
				CLANG_WARN_UNREACHABLE_CODE = YES;
				CLANG_WARN__DUPLICATE_METHOD_MATCH = YES;
				CODE_SIGN_IDENTITY = "Apple Development";
				COPY_PHASE_STRIP = NO;
				DEBUG_INFORMATION_FORMAT = "dwarf-with-dsym";
				ENABLE_NS_ASSERTIONS = NO;
				ENABLE_STRICT_OBJC_MSGSEND = YES;
				GCC_C_LANGUAGE_STANDARD = gnu11;
				GCC_NO_COMMON_BLOCKS = YES;
				GCC_WARN_64_TO_32_BIT_CONVERSION = YES;
				GCC_WARN_ABOUT_RETURN_TYPE = YES_ERROR;
				GCC_WARN_UNDECLARED_SELECTOR = YES;
				GCC_WARN_UNINITIALIZED_AUTOS = YES_AGGRESSIVE;
				GCC_WARN_UNUSED_FUNCTION = YES;
				GCC_WARN_UNUSED_VARIABLE = YES;
				IPHONEOS_DEPLOYMENT_TARGET = 15.0;
				MTL_ENABLE_DEBUG_INFO = NO;
				MTL_FAST_MATH = YES;
				SDKROOT = iphoneos;
				VALIDATE_PRODUCT = YES;
			};
			name = Release;
		};
		0D8117C12190BA8B009C7DD1 /* Release */ = {
			isa = XCBuildConfiguration;
			buildSettings = {
				ASSETCATALOG_COMPILER_APPICON_NAME = AppIcon;
				CODE_SIGN_STYLE = Automatic;
				INFOPLIST_FILE = "E-Commerce App Project (Tabbed)/Info.plist";
				LD_RUNPATH_SEARCH_PATHS = (
					"$(inherited)",
					"@executable_path/Frameworks",
				);
				PRODUCT_BUNDLE_IDENTIFIER = "learning-ios-app-development.E-Commerce-App-Project--Tabbed-";
				PRODUCT_NAME = "$(TARGET_NAME)";
				SWIFT_VERSION = 5.0;
				TARGETED_DEVICE_FAMILY = "1,2";
			};
			name = Release;
		};
		0D8117C42190BA8B009C7DD1 /* Release */ = {
			isa = XCBuildConfiguration;
			buildSettings = {
				BUNDLE_LOADER = "$(TEST_HOST)";
				CODE_SIGN_STYLE = Automatic;
				INFOPLIST_FILE = "E-Commerce App Project (Tabbed)Tests/Info.plist";
				LD_RUNPATH_SEARCH_PATHS = (
					"$(inherited)",
					"@executable_path/Frameworks",
					"@loader_path/Frameworks",
				);
				PRODUCT_BUNDLE_IDENTIFIER = "learning-ios-app-development.E-Commerce-App-Project--Tabbed-Tests";
				PRODUCT_NAME = "$(TARGET_NAME)";
				SWIFT_VERSION = 5.0;
				TARGETED_DEVICE_FAMILY = "1,2";
				TEST_HOST = "$(BUILT_PRODUCTS_DIR)/E-Commerce App Project (Tabbed).app/E-Commerce App Project (Tabbed)";
			};
			name = Release;
		};
		0D8117C72190BA8B009C7DD1 /* Release */ = {
			isa = XCBuildConfiguration;
			buildSettings = {
				CODE_SIGN_STYLE = Automatic;
				INFOPLIST_FILE = "E-Commerce App Project (Tabbed)UITests/Info.plist";
				LD_RUNPATH_SEARCH_PATHS = (
					"$(inherited)",
					"@executable_path/Frameworks",
					"@loader_path/Frameworks",
				);
				PRODUCT_BUNDLE_IDENTIFIER = "learning-ios-app-development.E-Commerce-App-Project--Tabbed-UITests";
				PRODUCT_NAME = "$(TARGET_NAME)";
				SWIFT_VERSION = 5.0;
				TARGETED_DEVICE_FAMILY = "1,2";
				TEST_TARGET_NAME = "E-Commerce App Project (Tabbed)";
			};
			name = Release;
		};
/* End XCBuildConfiguration section */

/* Begin XCConfigurationList section */
		0D81178E2190BA89009C7DD1 /* Build configuration list for PBXProject "E-Commerce App Project (Tabbed)" */ = {
			isa = XCConfigurationList;
			buildConfigurations = (
				0D8117BE2190BA8B009C7DD1 /* Release */,
			);
			defaultConfigurationIsVisible = 0;
			defaultConfigurationName = Release;
		};
		0D8117BF2190BA8B009C7DD1 /* Build configuration list for PBXNativeTarget "E-Commerce App Project (Tabbed)" */ = {
			isa = XCConfigurationList;
			buildConfigurations = (
				0D8117C12190BA8B009C7DD1 /* Release */,
			);
			defaultConfigurationIsVisible = 0;
			defaultConfigurationName = Release;
		};
		0D8117C22190BA8B009C7DD1 /* Build configuration list for PBXNativeTarget "E-Commerce App Project (Tabbed)Tests" */ = {
			isa = XCConfigurationList;
			buildConfigurations = (
				0D8117C42190BA8B009C7DD1 /* Release */,
			);
			defaultConfigurationIsVisible = 0;
			defaultConfigurationName = Release;
		};
		0D8117C52190BA8B009C7DD1 /* Build configuration list for PBXNativeTarget "E-Commerce App Project (Tabbed)UITests" */ = {
			isa = XCConfigurationList;
			buildConfigurations = (
				0D8117C72190BA8B009C7DD1 /* Release */,
			);
			defaultConfigurationIsVisible = 0;
			defaultConfigurationName = Release;
		};
/* End XCConfigurationList section */
	};
	rootObject = 0D81178B2190BA89009C7DD1 /* Project object */;
}
